{
    "_meta": {
        "hash": {
            "sha256": "9bc6e3bf3b2d764b0bb4c11830fc73afaeb5249c37d89df2fbdfd715b64b4675"
        },
        "pipfile-spec": 6,
        "requires": {
            "python_version": "3.7"
        },
        "sources": [
            {
                "name": "pypi",
                "url": "https://pypi.org/simple",
                "verify_ssl": true
            }
        ]
    },
    "default": {
        "bitarray": {
            "hashes": [
                "sha256:050cd30b810ddb3aa941e7ddfbe0d8065e793012d0a88cb5739ec23624b9895e"
            ],
            "version": "==0.8.3"
        },
        "dm-pybloom": {
            "hashes": [
                "sha256:a98fbd293158b3412696d9585044fb422330b51d6056ed87acdd46158ac15bdb",
                "sha256:e9be7ca1d6b6e2bf37dff737b5765381da34431d6c376f4b1d089d0d83d84a92"
            ],
            "index": "pypi",
            "version": "==3.0.4"
        }
    },
    "develop": {}
}
